
Microsoft Visual Studio Solution File, Format Version 12.00
# Visual Studio Version 17
VisualStudioVersion = 17.7.34024.191
MinimumVisualStudioVersion = 10.0.40219.1
Project("{FAE04EC0-301F-11D3-BF4B-00C04F79EFBC}") = "PangyaAPI", "PangyaAPI.csproj", "{F12917FC-267B-4D3F-9E54-37642CB89B50}"
EndProject
Project("{FAE04EC0-301F-11D3-BF4B-00C04F79EFBC}") = "ProjectG", "..\ProjectG\ProjectG.csproj", "{5C3A6A7D-F70E-4C8E-AD00-1911F06FC278}"
EndProject
Global
	GlobalSection(SolutionConfigurationPlatforms) = preSolution
		Debug|Any CPU = Debug|Any CPU
		Release|Any CPU = Release|Any CPU
	EndGlobalSection
	GlobalSection(ProjectConfigurationPlatforms) = postSolution
		{F12917FC-267B-4D3F-9E54-37642CB89B50}.Debug|Any CPU.ActiveCfg = Debug|Any CPU
		{F12917FC-267B-4D3F-9E54-37642CB89B50}.Debug|Any CPU.Build.0 = Debug|Any CPU
		{F12917FC-267B-4D3F-9E54-37642CB89B50}.Release|Any CPU.ActiveCfg = Release|Any CPU
		{F12917FC-267B-4D3F-9E54-37642CB89B50}.Release|Any CPU.Build.0 = Release|Any CPU
		{5C3A6A7D-F70E-4C8E-AD00-1911F06FC278}.Debug|Any CPU.ActiveCfg = Debug|Any CPU
		{5C3A6A7D-F70E-4C8E-AD00-1911F06FC278}.Debug|Any CPU.Build.0 = Debug|Any CPU
		{5C3A6A7D-F70E-4C8E-AD00-1911F06FC278}.Release|Any CPU.ActiveCfg = Release|Any CPU
		{5C3A6A7D-F70E-4C8E-AD00-1911F06FC278}.Release|Any CPU.Build.0 = Release|Any CPU
	EndGlobalSection
	GlobalSection(SolutionProperties) = preSolution
		HideSolutionNode = FALSE
	EndGlobalSection
	GlobalSection(ExtensibilityGlobals) = postSolution
		SolutionGuid = {BA92D490-EC79-4A8B-A5CE-FE976D80B476}
	EndGlobalSection
EndGlobal
